
Microsoft Visual Studio Solution File, Format Version 12.00
# Visual Studio Version 17
VisualStudioVersion = 17.4.33122.133
MinimumVisualStudioVersion = 10.0.40219.1
Project("{FAE04EC0-301F-11D3-BF4B-00C04F79EFBC}") = "03122023_MVCGiris2", "03122023_MVCGiris2\03122023_MVCGiris2.csproj", "{B92AA0D5-A6F0-4D0A-8F9B-ED5E98BE6E42}"
EndProject
Global
	GlobalSection(SolutionConfigurationPlatforms) = preSolution
		Debug|Any CPU = Debug|Any CPU
		Release|Any CPU = Release|Any CPU
	EndGlobalSection
	GlobalSection(ProjectConfigurationPlatforms) = postSolution
		{B92AA0D5-A6F0-4D0A-8F9B-ED5E98BE6E42}.Debug|Any CPU.ActiveCfg = Debug|Any CPU
		{B92AA0D5-A6F0-4D0A-8F9B-ED5E98BE6E42}.Debug|Any CPU.Build.0 = Debug|Any CPU
		{B92AA0D5-A6F0-4D0A-8F9B-ED5E98BE6E42}.Release|Any CPU.ActiveCfg = Release|Any CPU
		{B92AA0D5-A6F0-4D0A-8F9B-ED5E98BE6E42}.Release|Any CPU.Build.0 = Release|Any CPU
	EndGlobalSection
	GlobalSection(SolutionProperties) = preSolution
		HideSolutionNode = FALSE
	EndGlobalSection
	GlobalSection(ExtensibilityGlobals) = postSolution
		SolutionGuid = {8C990787-DC5A-4842-A58F-C9CCA038F428}
	EndGlobalSection
EndGlobal
